
Microsoft Visual Studio Solution File, Format Version 12.00
# Visual Studio 15
Project("{FAE04EC0-301F-11D3-BF4B-00C04F79EFBC}") = "Assembly-CSharp", "Assembly-CSharp.csproj", "{E867C89B-6DA2-DB39-3923-882381E1771B}"
EndProject
Project("{FAE04EC0-301F-11D3-BF4B-00C04F79EFBC}") = "Assembly-CSharp-Editor", "Assembly-CSharp-Editor.csproj", "{E6CC6898-D1FE-08AB-F274-3C115FA11B94}"
EndProject
Global
	GlobalSection(SolutionConfigurationPlatforms) = preSolution
		Debug|Any CPU = Debug|Any CPU
		Release|Any CPU = Release|Any CPU
	EndGlobalSection
	GlobalSection(ProjectConfigurationPlatforms) = postSolution
		{E867C89B-6DA2-DB39-3923-882381E1771B}.Debug|Any CPU.ActiveCfg = Debug|Any CPU
		{E867C89B-6DA2-DB39-3923-882381E1771B}.Debug|Any CPU.Build.0 = Debug|Any CPU
		{E867C89B-6DA2-DB39-3923-882381E1771B}.Release|Any CPU.ActiveCfg = Release|Any CPU
		{E867C89B-6DA2-DB39-3923-882381E1771B}.Release|Any CPU.Build.0 = Release|Any CPU
		{E6CC6898-D1FE-08AB-F274-3C115FA11B94}.Debug|Any CPU.ActiveCfg = Debug|Any CPU
		{E6CC6898-D1FE-08AB-F274-3C115FA11B94}.Debug|Any CPU.Build.0 = Debug|Any CPU
		{E6CC6898-D1FE-08AB-F274-3C115FA11B94}.Release|Any CPU.ActiveCfg = Release|Any CPU
		{E6CC6898-D1FE-08AB-F274-3C115FA11B94}.Release|Any CPU.Build.0 = Release|Any CPU
	EndGlobalSection
	GlobalSection(SolutionProperties) = preSolution
		HideSolutionNode = FALSE
	EndGlobalSection
EndGlobal
